
Microsoft Visual Studio Solution File, Format Version 12.00
# Visual Studio Version 17
VisualStudioVersion = 17.8.34525.116
MinimumVisualStudioVersion = 10.0.40219.1
Project("{9A19103F-16F7-4668-BE54-9A1E7A4F7556}") = "CraftIQ.Inventory.API", "CraftIQ.Inventory.API\CraftIQ.Inventory.API.csproj", "{CDD4F826-7946-4047-9B0F-380052414AF3}"
EndProject
Project("{9A19103F-16F7-4668-BE54-9A1E7A4F7556}") = "CraftIQ.Inventory.Core", "CraftIQ.Inventory.Core\CraftIQ.Inventory.Core.csproj", "{408057C3-E482-4C60-8260-7F252320332F}"
EndProject
Project("{9A19103F-16F7-4668-BE54-9A1E7A4F7556}") = "CraftIQ.Inventory.Services", "CraftIQ.Inventory.Services\CraftIQ.Inventory.Services.csproj", "{490C0D53-DD30-4483-ACAC-E6E61FDEBAE7}"
EndProject
Project("{9A19103F-16F7-4668-BE54-9A1E7A4F7556}") = "CraftIQ.Inventory.Infrastructure", "CraftIQ.Inventory.Infrastructure\CraftIQ.Inventory.Infrastructure.csproj", "{DC7F811F-B2A2-45AE-82A1-FE560F304C8D}"
EndProject
Project("{9A19103F-16F7-4668-BE54-9A1E7A4F7556}") = "CraftIQ.Inventory.Shared", "CraftIQ.Inventory.Shared\CraftIQ.Inventory.Shared.csproj", "{ADCCD777-975B-4986-AE8B-801838DA461E}"
EndProject
Project("{2150E333-8FDC-42A3-9474-1A3956D46DE8}") = "Insights", "Insights", "{2BDCE88B-C06F-48EE-B128-267AFA756DF5}"
EndProject
Project("{FAE04EC0-301F-11D3-BF4B-00C04F79EFBC}") = "CraftIQ.Inventory.Aspire.AppHost", "CraftIQ.Inventory.Aspire\CraftIQ.Inventory.Aspire.AppHost\CraftIQ.Inventory.Aspire.AppHost.csproj", "{173083D5-432D-4307-876A-96A10343D56D}"
EndProject
Project("{9A19103F-16F7-4668-BE54-9A1E7A4F7556}") = "CraftIQ.Inventory.Aspire.ServiceDefaults", "CraftIQ.Inventory.Aspire\CraftIQ.Inventory.Aspire.ServiceDefaults\CraftIQ.Inventory.Aspire.ServiceDefaults.csproj", "{9D2966CE-C74B-49F3-94B7-1C85A89025D4}"
EndProject
Global
	GlobalSection(SolutionConfigurationPlatforms) = preSolution
		Debug|Any CPU = Debug|Any CPU
		Release|Any CPU = Release|Any CPU
	EndGlobalSection
	GlobalSection(ProjectConfigurationPlatforms) = postSolution
		{CDD4F826-7946-4047-9B0F-380052414AF3}.Debug|Any CPU.ActiveCfg = Debug|Any CPU
		{CDD4F826-7946-4047-9B0F-380052414AF3}.Debug|Any CPU.Build.0 = Debug|Any CPU
		{CDD4F826-7946-4047-9B0F-380052414AF3}.Release|Any CPU.ActiveCfg = Release|Any CPU
		{CDD4F826-7946-4047-9B0F-380052414AF3}.Release|Any CPU.Build.0 = Release|Any CPU
		{408057C3-E482-4C60-8260-7F252320332F}.Debug|Any CPU.ActiveCfg = Debug|Any CPU
		{408057C3-E482-4C60-8260-7F252320332F}.Debug|Any CPU.Build.0 = Debug|Any CPU
		{408057C3-E482-4C60-8260-7F252320332F}.Release|Any CPU.ActiveCfg = Release|Any CPU
		{408057C3-E482-4C60-8260-7F252320332F}.Release|Any CPU.Build.0 = Release|Any CPU
		{490C0D53-DD30-4483-ACAC-E6E61FDEBAE7}.Debug|Any CPU.ActiveCfg = Debug|Any CPU
		{490C0D53-DD30-4483-ACAC-E6E61FDEBAE7}.Debug|Any CPU.Build.0 = Debug|Any CPU
		{490C0D53-DD30-4483-ACAC-E6E61FDEBAE7}.Release|Any CPU.ActiveCfg = Release|Any CPU
		{490C0D53-DD30-4483-ACAC-E6E61FDEBAE7}.Release|Any CPU.Build.0 = Release|Any CPU
		{DC7F811F-B2A2-45AE-82A1-FE560F304C8D}.Debug|Any CPU.ActiveCfg = Debug|Any CPU
		{DC7F811F-B2A2-45AE-82A1-FE560F304C8D}.Debug|Any CPU.Build.0 = Debug|Any CPU
		{DC7F811F-B2A2-45AE-82A1-FE560F304C8D}.Release|Any CPU.ActiveCfg = Release|Any CPU
		{DC7F811F-B2A2-45AE-82A1-FE560F304C8D}.Release|Any CPU.Build.0 = Release|Any CPU
		{ADCCD777-975B-4986-AE8B-801838DA461E}.Debug|Any CPU.ActiveCfg = Debug|Any CPU
		{ADCCD777-975B-4986-AE8B-801838DA461E}.Debug|Any CPU.Build.0 = Debug|Any CPU
		{ADCCD777-975B-4986-AE8B-801838DA461E}.Release|Any CPU.ActiveCfg = Release|Any CPU
		{ADCCD777-975B-4986-AE8B-801838DA461E}.Release|Any CPU.Build.0 = Release|Any CPU
		{173083D5-432D-4307-876A-96A10343D56D}.Debug|Any CPU.ActiveCfg = Debug|Any CPU
		{173083D5-432D-4307-876A-96A10343D56D}.Debug|Any CPU.Build.0 = Debug|Any CPU
		{173083D5-432D-4307-876A-96A10343D56D}.Release|Any CPU.ActiveCfg = Release|Any CPU
		{173083D5-432D-4307-876A-96A10343D56D}.Release|Any CPU.Build.0 = Release|Any CPU
		{9D2966CE-C74B-49F3-94B7-1C85A89025D4}.Debug|Any CPU.ActiveCfg = Debug|Any CPU
		{9D2966CE-C74B-49F3-94B7-1C85A89025D4}.Debug|Any CPU.Build.0 = Debug|Any CPU
		{9D2966CE-C74B-49F3-94B7-1C85A89025D4}.Release|Any CPU.ActiveCfg = Release|Any CPU
		{9D2966CE-C74B-49F3-94B7-1C85A89025D4}.Release|Any CPU.Build.0 = Release|Any CPU
	EndGlobalSection
	GlobalSection(SolutionProperties) = preSolution
		HideSolutionNode = FALSE
	EndGlobalSection
	GlobalSection(NestedProjects) = preSolution
		{173083D5-432D-4307-876A-96A10343D56D} = {2BDCE88B-C06F-48EE-B128-267AFA756DF5}
		{9D2966CE-C74B-49F3-94B7-1C85A89025D4} = {2BDCE88B-C06F-48EE-B128-267AFA756DF5}
	EndGlobalSection
	GlobalSection(ExtensibilityGlobals) = postSolution
		SolutionGuid = {AF69053D-B35E-4D52-A6A5-91598250D649}
	EndGlobalSection
EndGlobal
